
Microsoft Visual Studio Solution File, Format Version 12.00
# Visual Studio Version 16
VisualStudioVersion = 16.0.31613.86
MinimumVisualStudioVersion = 10.0.40219.1
Project("{FAE04EC0-301F-11D3-BF4B-00C04F79EFBC}") = "Proyecto_ArqComp", "Proyecto_ArqComp\Proyecto_ArqComp.csproj", "{98A39F94-E903-40C5-AAC9-C43B2487EBBF}"
EndProject
Project("{FAE04EC0-301F-11D3-BF4B-00C04F79EFBC}") = "BL", "BL\BL.csproj", "{39D3B426-15A9-4BCB-8283-3C998023DBD3}"
EndProject
Project("{FAE04EC0-301F-11D3-BF4B-00C04F79EFBC}") = "Modelos", "Modelos\Modelos.csproj", "{886978B3-1124-45C7-91F0-22F64349DD0F}"
EndProject
Global
	GlobalSection(SolutionConfigurationPlatforms) = preSolution
		Debug|Any CPU = Debug|Any CPU
		Release|Any CPU = Release|Any CPU
	EndGlobalSection
	GlobalSection(ProjectConfigurationPlatforms) = postSolution
		{98A39F94-E903-40C5-AAC9-C43B2487EBBF}.Debug|Any CPU.ActiveCfg = Debug|Any CPU
		{98A39F94-E903-40C5-AAC9-C43B2487EBBF}.Debug|Any CPU.Build.0 = Debug|Any CPU
		{98A39F94-E903-40C5-AAC9-C43B2487EBBF}.Release|Any CPU.ActiveCfg = Release|Any CPU
		{98A39F94-E903-40C5-AAC9-C43B2487EBBF}.Release|Any CPU.Build.0 = Release|Any CPU
		{39D3B426-15A9-4BCB-8283-3C998023DBD3}.Debug|Any CPU.ActiveCfg = Debug|Any CPU
		{39D3B426-15A9-4BCB-8283-3C998023DBD3}.Debug|Any CPU.Build.0 = Debug|Any CPU
		{39D3B426-15A9-4BCB-8283-3C998023DBD3}.Release|Any CPU.ActiveCfg = Release|Any CPU
		{39D3B426-15A9-4BCB-8283-3C998023DBD3}.Release|Any CPU.Build.0 = Release|Any CPU
		{886978B3-1124-45C7-91F0-22F64349DD0F}.Debug|Any CPU.ActiveCfg = Debug|Any CPU
		{886978B3-1124-45C7-91F0-22F64349DD0F}.Debug|Any CPU.Build.0 = Debug|Any CPU
		{886978B3-1124-45C7-91F0-22F64349DD0F}.Release|Any CPU.ActiveCfg = Release|Any CPU
		{886978B3-1124-45C7-91F0-22F64349DD0F}.Release|Any CPU.Build.0 = Release|Any CPU
	EndGlobalSection
	GlobalSection(SolutionProperties) = preSolution
		HideSolutionNode = FALSE
	EndGlobalSection
	GlobalSection(ExtensibilityGlobals) = postSolution
		SolutionGuid = {D5F5ECAA-7889-4A10-B2BC-1F52149E9583}
	EndGlobalSection
EndGlobal
